// !$*UTF8*$!
{
	archiveVersion = 1;
	classes = {
	};
	objectVersion = 46;
	objects = {

/* Begin PBXBuildFile section */
		E5E103D21BC43BDE00507795 /* AppDelegate.swift in Sources */ = {isa = PBXBuildFile; fileRef = E5E103D11BC43BDE00507795 /* AppDelegate.swift */; };
		E5E103D71BC43BDE00507795 /* Main.storyboard in Resources */ = {isa = PBXBuildFile; fileRef = E5E103D51BC43BDE00507795 /* Main.storyboard */; };
		E5E103DA1BC43BDE00507795 /* Forgetting_Sherlock.xcdatamodeld in Sources */ = {isa = PBXBuildFile; fileRef = E5E103D81BC43BDE00507795 /* Forgetting_Sherlock.xcdatamodeld */; };
		E5E103DC1BC43BDE00507795 /* Assets.xcassets in Resources */ = {isa = PBXBuildFile; fileRef = E5E103DB1BC43BDE00507795 /* Assets.xcassets */; };
		E5E103DF1BC43BDE00507795 /* LaunchScreen.storyboard in Resources */ = {isa = PBXBuildFile; fileRef = E5E103DD1BC43BDE00507795 /* LaunchScreen.storyboard */; };
		E5E103EA1BC43BDF00507795 /* Forgetting_SherlockTests.swift in Sources */ = {isa = PBXBuildFile; fileRef = E5E103E91BC43BDF00507795 /* Forgetting_SherlockTests.swift */; };
		E5E103F51BC43BDF00507795 /* Forgetting_SherlockUITests.swift in Sources */ = {isa = PBXBuildFile; fileRef = E5E103F41BC43BDF00507795 /* Forgetting_SherlockUITests.swift */; };
		E5ED81751BC5F7B2006E630F /* StoryViewController.swift in Sources */ = {isa = PBXBuildFile; fileRef = E5ED81741BC5F7B2006E630F /* StoryViewController.swift */; settings = {ASSET_TAGS = (); }; };
		E5ED81771BC957B9006E630F /* ChoiceCell.swift in Sources */ = {isa = PBXBuildFile; fileRef = E5ED81761BC957B9006E630F /* ChoiceCell.swift */; settings = {ASSET_TAGS = (); }; };
		E5ED81791BC957C9006E630F /* TextCell.swift in Sources */ = {isa = PBXBuildFile; fileRef = E5ED81781BC957C9006E630F /* TextCell.swift */; settings = {ASSET_TAGS = (); }; };
		E5ED817C1BC964ED006E630F /* MapController.swift in Sources */ = {isa = PBXBuildFile; fileRef = E5ED817B1BC964ED006E630F /* MapController.swift */; settings = {ASSET_TAGS = (); }; };
		E5ED817E1BC9663C006E630F /* mapofLondon.jpg in Resources */ = {isa = PBXBuildFile; fileRef = E5ED817D1BC9663C006E630F /* mapofLondon.jpg */; settings = {ASSET_TAGS = (); }; };
		E5ED81801BC9875E006E630F /* backgroundimage.jpg in Resources */ = {isa = PBXBuildFile; fileRef = E5ED817F1BC9875E006E630F /* backgroundimage.jpg */; settings = {ASSET_TAGS = (); }; };
		E5ED81821BCC65D0006E630F /* StoryTracker.swift in Sources */ = {isa = PBXBuildFile; fileRef = E5ED81811BCC65D0006E630F /* StoryTracker.swift */; settings = {ASSET_TAGS = (); }; };
		E5EF29001BEAF7E100A3DF7E /* libz.tbd in Frameworks */ = {isa = PBXBuildFile; fileRef = E5EF28FF1BEAF7E100A3DF7E /* libz.tbd */; };
		E5EF29021BEC061100A3DF7E /* JSTileMap.h in Frameworks */ = {isa = PBXBuildFile; fileRef = E5EF29011BEC061100A3DF7E /* JSTileMap.h */; };
		E5EF29041BEC062100A3DF7E /* JSTileMap.m in Frameworks */ = {isa = PBXBuildFile; fileRef = E5EF29031BEC062100A3DF7E /* JSTileMap.m */; };
		E5EF29071BEC065E00A3DF7E /* LFCGzipUtility.h in Frameworks */ = {isa = PBXBuildFile; fileRef = E5EF29051BEC065E00A3DF7E /* LFCGzipUtility.h */; };
		E5EF29081BEC065E00A3DF7E /* LFCGzipUtility.m in Frameworks */ = {isa = PBXBuildFile; fileRef = E5EF29061BEC065E00A3DF7E /* LFCGzipUtility.m */; };
		E5EF294D1BEC3DB900A3DF7E /* SpriteKit.framework in Frameworks */ = {isa = PBXBuildFile; fileRef = E5EF294C1BEC3DB900A3DF7E /* SpriteKit.framework */; };
		E5EF29651BED5F5100A3DF7E /* NewsPaperViewController.swift in Sources */ = {isa = PBXBuildFile; fileRef = E5EF29641BED5F5100A3DF7E /* NewsPaperViewController.swift */; settings = {ASSET_TAGS = (); }; };
		E5EF29671BED7C1700A3DF7E /* MapScene.swift in Sources */ = {isa = PBXBuildFile; fileRef = E5EF29661BED7C1700A3DF7E /* MapScene.swift */; settings = {ASSET_TAGS = (); }; };
/* End PBXBuildFile section */

/* Begin PBXContainerItemProxy section */
		E5E103E61BC43BDF00507795 /* PBXContainerItemProxy */ = {
			isa = PBXContainerItemProxy;
			containerPortal = E5E103C61BC43BDE00507795 /* Project object */;
			proxyType = 1;
			remoteGlobalIDString = E5E103CD1BC43BDE00507795;
			remoteInfo = "Forgetting Sherlock";
		};
		E5E103F11BC43BDF00507795 /* PBXContainerItemProxy */ = {
			isa = PBXContainerItemProxy;
			containerPortal = E5E103C61BC43BDE00507795 /* Project object */;
			proxyType = 1;
			remoteGlobalIDString = E5E103CD1BC43BDE00507795;
			remoteInfo = "Forgetting Sherlock";
		};
/* End PBXContainerItemProxy section */

/* Begin PBXFileReference section */
		E5E103CE1BC43BDE00507795 /* Forgetting Sherlock.app */ = {isa = PBXFileReference; explicitFileType = wrapper.application; includeInIndex = 0; path = "Forgetting Sherlock.app"; sourceTree = BUILT_PRODUCTS_DIR; };
		E5E103D11BC43BDE00507795 /* AppDelegate.swift */ = {isa = PBXFileReference; lastKnownFileType = sourcecode.swift; path = AppDelegate.swift; sourceTree = "<group>"; };
		E5E103D61BC43BDE00507795 /* Base */ = {isa = PBXFileReference; lastKnownFileType = file.storyboard; name = Base; path = Base.lproj/Main.storyboard; sourceTree = "<group>"; };
		E5E103D91BC43BDE00507795 /* Forgetting_Sherlock.xcdatamodel */ = {isa = PBXFileReference; lastKnownFileType = wrapper.xcdatamodel; path = Forgetting_Sherlock.xcdatamodel; sourceTree = "<group>"; };
		E5E103DB1BC43BDE00507795 /* Assets.xcassets */ = {isa = PBXFileReference; lastKnownFileType = folder.assetcatalog; path = Assets.xcassets; sourceTree = "<group>"; };
		E5E103DE1BC43BDE00507795 /* Base */ = {isa = PBXFileReference; lastKnownFileType = file.storyboard; name = Base; path = Base.lproj/LaunchScreen.storyboard; sourceTree = "<group>"; };
		E5E103E01BC43BDE00507795 /* Info.plist */ = {isa = PBXFileReference; lastKnownFileType = text.plist.xml; path = Info.plist; sourceTree = "<group>"; };
		E5E103E51BC43BDF00507795 /* Forgetting SherlockTests.xctest */ = {isa = PBXFileReference; explicitFileType = wrapper.cfbundle; includeInIndex = 0; path = "Forgetting SherlockTests.xctest"; sourceTree = BUILT_PRODUCTS_DIR; };
		E5E103E91BC43BDF00507795 /* Forgetting_SherlockTests.swift */ = {isa = PBXFileReference; lastKnownFileType = sourcecode.swift; path = Forgetting_SherlockTests.swift; sourceTree = "<group>"; };
		E5E103EB1BC43BDF00507795 /* Info.plist */ = {isa = PBXFileReference; lastKnownFileType = text.plist.xml; path = Info.plist; sourceTree = "<group>"; };
		E5E103F01BC43BDF00507795 /* Forgetting SherlockUITests.xctest */ = {isa = PBXFileReference; explicitFileType = wrapper.cfbundle; includeInIndex = 0; path = "Forgetting SherlockUITests.xctest"; sourceTree = BUILT_PRODUCTS_DIR; };
		E5E103F41BC43BDF00507795 /* Forgetting_SherlockUITests.swift */ = {isa = PBXFileReference; lastKnownFileType = sourcecode.swift; path = Forgetting_SherlockUITests.swift; sourceTree = "<group>"; };
		E5E103F61BC43BDF00507795 /* Info.plist */ = {isa = PBXFileReference; lastKnownFileType = text.plist.xml; path = Info.plist; sourceTree = "<group>"; };
		E5ED81741BC5F7B2006E630F /* StoryViewController.swift */ = {isa = PBXFileReference; fileEncoding = 4; lastKnownFileType = sourcecode.swift; path = StoryViewController.swift; sourceTree = "<group>"; };
		E5ED81761BC957B9006E630F /* ChoiceCell.swift */ = {isa = PBXFileReference; fileEncoding = 4; lastKnownFileType = sourcecode.swift; path = ChoiceCell.swift; sourceTree = "<group>"; };
		E5ED81781BC957C9006E630F /* TextCell.swift */ = {isa = PBXFileReference; fileEncoding = 4; lastKnownFileType = sourcecode.swift; path = TextCell.swift; sourceTree = "<group>"; };
		E5ED817B1BC964ED006E630F /* MapController.swift */ = {isa = PBXFileReference; fileEncoding = 4; lastKnownFileType = sourcecode.swift; path = MapController.swift; sourceTree = "<group>"; };
		E5ED817D1BC9663C006E630F /* mapofLondon.jpg */ = {isa = PBXFileReference; lastKnownFileType = image.jpeg; path = mapofLondon.jpg; sourceTree = "<group>"; };
		E5ED817F1BC9875E006E630F /* backgroundimage.jpg */ = {isa = PBXFileReference; lastKnownFileType = image.jpeg; path = backgroundimage.jpg; sourceTree = "<group>"; };
		E5ED81811BCC65D0006E630F /* StoryTracker.swift */ = {isa = PBXFileReference; fileEncoding = 4; lastKnownFileType = sourcecode.swift; path = StoryTracker.swift; sourceTree = "<group>"; };
		E5EF28FF1BEAF7E100A3DF7E /* libz.tbd */ = {isa = PBXFileReference; lastKnownFileType = "sourcecode.text-based-dylib-definition"; name = libz.tbd; path = usr/lib/libz.tbd; sourceTree = SDKROOT; };
		E5EF29011BEC061100A3DF7E /* JSTileMap.h */ = {isa = PBXFileReference; lastKnownFileType = sourcecode.c.h; name = JSTileMap.h; path = "Forgetting Sherlock/JSTileMap.h"; sourceTree = "<group>"; };
		E5EF29031BEC062100A3DF7E /* JSTileMap.m */ = {isa = PBXFileReference; lastKnownFileType = sourcecode.c.objc; name = JSTileMap.m; path = "Forgetting Sherlock/JSTileMap.m"; sourceTree = "<group>"; };
		E5EF29051BEC065E00A3DF7E /* LFCGzipUtility.h */ = {isa = PBXFileReference; lastKnownFileType = sourcecode.c.h; name = LFCGzipUtility.h; path = "Forgetting Sherlock/LFCGzipUtility.h"; sourceTree = "<group>"; };
		E5EF29061BEC065E00A3DF7E /* LFCGzipUtility.m */ = {isa = PBXFileReference; lastKnownFileType = sourcecode.c.objc; name = LFCGzipUtility.m; path = "Forgetting Sherlock/LFCGzipUtility.m"; sourceTree = "<group>"; };
		E5EF290B1BEC09B700A3DF7E /* Header.h */ = {isa = PBXFileReference; lastKnownFileType = sourcecode.c.h; path = Header.h; sourceTree = "<group>"; };
		E5EF294C1BEC3DB900A3DF7E /* SpriteKit.framework */ = {isa = PBXFileReference; lastKnownFileType = wrapper.framework; name = SpriteKit.framework; path = System/Library/Frameworks/SpriteKit.framework; sourceTree = SDKROOT; };
		E5EF29641BED5F5100A3DF7E /* NewsPaperViewController.swift */ = {isa = PBXFileReference; fileEncoding = 4; lastKnownFileType = sourcecode.swift; path = NewsPaperViewController.swift; sourceTree = "<group>"; };
		E5EF29661BED7C1700A3DF7E /* MapScene.swift */ = {isa = PBXFileReference; fileEncoding = 4; lastKnownFileType = sourcecode.swift; path = MapScene.swift; sourceTree = "<group>"; };
/* End PBXFileReference section */

/* Begin PBXFrameworksBuildPhase section */
		E5E103CB1BC43BDE00507795 /* Frameworks */ = {
			isa = PBXFrameworksBuildPhase;
			buildActionMask = 2147483647;
			files = (
				E5EF294D1BEC3DB900A3DF7E /* SpriteKit.framework in Frameworks */,
				E5EF29071BEC065E00A3DF7E /* LFCGzipUtility.h in Frameworks */,
				E5EF29081BEC065E00A3DF7E /* LFCGzipUtility.m in Frameworks */,
				E5EF29041BEC062100A3DF7E /* JSTileMap.m in Frameworks */,
				E5EF29021BEC061100A3DF7E /* JSTileMap.h in Frameworks */,
				E5EF29001BEAF7E100A3DF7E /* libz.tbd in Frameworks */,
			);
			runOnlyForDeploymentPostprocessing = 0;
		};
		E5E103E21BC43BDF00507795 /* Frameworks */ = {
			isa = PBXFrameworksBuildPhase;
			buildActionMask = 2147483647;
			files = (
			);
			runOnlyForDeploymentPostprocessing = 0;
		};
		E5E103ED1BC43BDF00507795 /* Frameworks */ = {
			isa = PBXFrameworksBuildPhase;
			buildActionMask = 2147483647;
			files = (
			);
			runOnlyForDeploymentPostprocessing = 0;
		};
/* End PBXFrameworksBuildPhase section */

/* Begin PBXGroup section */
		E5E103C51BC43BDE00507795 = {
			isa = PBXGroup;
			children = (
				E5EF294C1BEC3DB900A3DF7E /* SpriteKit.framework */,
				E5EF29051BEC065E00A3DF7E /* LFCGzipUtility.h */,
				E5EF29061BEC065E00A3DF7E /* LFCGzipUtility.m */,
				E5EF29031BEC062100A3DF7E /* JSTileMap.m */,
				E5EF29011BEC061100A3DF7E /* JSTileMap.h */,
				E5EF28FF1BEAF7E100A3DF7E /* libz.tbd */,
				E5E103D01BC43BDE00507795 /* Forgetting Sherlock */,
				E5E103E81BC43BDF00507795 /* Forgetting SherlockTests */,
				E5E103F31BC43BDF00507795 /* Forgetting SherlockUITests */,
				E5E103CF1BC43BDE00507795 /* Products */,
			);
			sourceTree = "<group>";
		};
		E5E103CF1BC43BDE00507795 /* Products */ = {
			isa = PBXGroup;
			children = (
				E5E103CE1BC43BDE00507795 /* Forgetting Sherlock.app */,
				E5E103E51BC43BDF00507795 /* Forgetting SherlockTests.xctest */,
				E5E103F01BC43BDF00507795 /* Forgetting SherlockUITests.xctest */,
			);
			name = Products;
			sourceTree = "<group>";
		};
		E5E103D01BC43BDE00507795 /* Forgetting Sherlock */ = {
			isa = PBXGroup;
			children = (
				E5E103D11BC43BDE00507795 /* AppDelegate.swift */,
				E5ED81741BC5F7B2006E630F /* StoryViewController.swift */,
				E5ED817F1BC9875E006E630F /* backgroundimage.jpg */,
				E5EF290B1BEC09B700A3DF7E /* Header.h */,
				E5EF29661BED7C1700A3DF7E /* MapScene.swift */,
				E5E103D51BC43BDE00507795 /* Main.storyboard */,
				E5ED817B1BC964ED006E630F /* MapController.swift */,
				E5EF29641BED5F5100A3DF7E /* NewsPaperViewController.swift */,
				E5E103DB1BC43BDE00507795 /* Assets.xcassets */,
				E5ED817D1BC9663C006E630F /* mapofLondon.jpg */,
				E5E103DD1BC43BDE00507795 /* LaunchScreen.storyboard */,
				E5E103E01BC43BDE00507795 /* Info.plist */,
				E5E103D81BC43BDE00507795 /* Forgetting_Sherlock.xcdatamodeld */,
				E5ED817A1BC957CF006E630F /* Custom Cells */,
			);
			path = "Forgetting Sherlock";
			sourceTree = "<group>";
		};
		E5E103E81BC43BDF00507795 /* Forgetting SherlockTests */ = {
			isa = PBXGroup;
			children = (
				E5E103E91BC43BDF00507795 /* Forgetting_SherlockTests.swift */,
				E5E103EB1BC43BDF00507795 /* Info.plist */,
			);
			path = "Forgetting SherlockTests";
			sourceTree = "<group>";
		};
		E5E103F31BC43BDF00507795 /* Forgetting SherlockUITests */ = {
			isa = PBXGroup;
			children = (
				E5E103F41BC43BDF00507795 /* Forgetting_SherlockUITests.swift */,
				E5E103F61BC43BDF00507795 /* Info.plist */,
			);
			path = "Forgetting SherlockUITests";
			sourceTree = "<group>";
		};
		E5ED817A1BC957CF006E630F /* Custom Cells */ = {
			isa = PBXGroup;
			children = (
				E5ED81761BC957B9006E630F /* ChoiceCell.swift */,
				E5ED81781BC957C9006E630F /* TextCell.swift */,
				E5ED81811BCC65D0006E630F /* StoryTracker.swift */,
			);
			name = "Custom Cells";
			sourceTree = "<group>";
		};
/* End PBXGroup section */

/* Begin PBXNativeTarget section */
		E5E103CD1BC43BDE00507795 /* Forgetting Sherlock */ = {
			isa = PBXNativeTarget;
			buildConfigurationList = E5E103F91BC43BDF00507795 /* Build configuration list for PBXNativeTarget "Forgetting Sherlock" */;
			buildPhases = (
				E5E103CA1BC43BDE00507795 /* Sources */,
				E5E103CB1BC43BDE00507795 /* Frameworks */,
				E5E103CC1BC43BDE00507795 /* Resources */,
			);
			buildRules = (
			);
			dependencies = (
			);
			name = "Forgetting Sherlock";
			productName = "Forgetting Sherlock";
			productReference = E5E103CE1BC43BDE00507795 /* Forgetting Sherlock.app */;
			productType = "com.apple.product-type.application";
		};
		E5E103E41BC43BDF00507795 /* Forgetting SherlockTests */ = {
			isa = PBXNativeTarget;
			buildConfigurationList = E5E103FC1BC43BDF00507795 /* Build configuration list for PBXNativeTarget "Forgetting SherlockTests" */;
			buildPhases = (
				E5E103E11BC43BDF00507795 /* Sources */,
				E5E103E21BC43BDF00507795 /* Frameworks */,
				E5E103E31BC43BDF00507795 /* Resources */,
			);
			buildRules = (
			);
			dependencies = (
				E5E103E71BC43BDF00507795 /* PBXTargetDependency */,
			);
			name = "Forgetting SherlockTests";
			productName = "Forgetting SherlockTests";
			productReference = E5E103E51BC43BDF00507795 /* Forgetting SherlockTests.xctest */;
			productType = "com.apple.product-type.bundle.unit-test";
		};
		E5E103EF1BC43BDF00507795 /* Forgetting SherlockUITests */ = {
			isa = PBXNativeTarget;
			buildConfigurationList = E5E103FF1BC43BDF00507795 /* Build configuration list for PBXNativeTarget "Forgetting SherlockUITests" */;
			buildPhases = (
				E5E103EC1BC43BDF00507795 /* Sources */,
				E5E103ED1BC43BDF00507795 /* Frameworks */,
				E5E103EE1BC43BDF00507795 /* Resources */,
			);
			buildRules = (
			);
			dependencies = (
				E5E103F21BC43BDF00507795 /* PBXTargetDependency */,
			);
			name = "Forgetting SherlockUITests";
			productName = "Forgetting SherlockUITests";
			productReference = E5E103F01BC43BDF00507795 /* Forgetting SherlockUITests.xctest */;
			productType = "com.apple.product-type.bundle.ui-testing";
		};
/* End PBXNativeTarget section */

/* Begin PBXProject section */
		E5E103C61BC43BDE00507795 /* Project object */ = {
			isa = PBXProject;
			attributes = {
				LastUpgradeCheck = 0700;
				ORGANIZATIONNAME = "Matthew Hartwig";
				TargetAttributes = {
					E5E103CD1BC43BDE00507795 = {
						CreatedOnToolsVersion = 7.0.1;
					};
					E5E103E41BC43BDF00507795 = {
						CreatedOnToolsVersion = 7.0.1;
						TestTargetID = E5E103CD1BC43BDE00507795;
					};
					E5E103EF1BC43BDF00507795 = {
						CreatedOnToolsVersion = 7.0.1;
						TestTargetID = E5E103CD1BC43BDE00507795;
					};
				};
			};
			buildConfigurationList = E5E103C91BC43BDE00507795 /* Build configuration list for PBXProject "Forgetting Sherlock" */;
			compatibilityVersion = "Xcode 3.2";
			developmentRegion = English;
			hasScannedForEncodings = 0;
			knownRegions = (
				en,
				Base,
			);
			mainGroup = E5E103C51BC43BDE00507795;
			productRefGroup = E5E103CF1BC43BDE00507795 /* Products */;
			projectDirPath = "";
			projectRoot = "";
			targets = (
				E5E103CD1BC43BDE00507795 /* Forgetting Sherlock */,
				E5E103E41BC43BDF00507795 /* Forgetting SherlockTests */,
				E5E103EF1BC43BDF00507795 /* Forgetting SherlockUITests */,
			);
		};
/* End PBXProject section */

/* Begin PBXResourcesBuildPhase section */
		E5E103CC1BC43BDE00507795 /* Resources */ = {
			isa = PBXResourcesBuildPhase;
			buildActionMask = 2147483647;
			files = (
				E5E103DF1BC43BDE00507795 /* LaunchScreen.storyboard in Resources */,
				E5E103DC1BC43BDE00507795 /* Assets.xcassets in Resources */,
				E5E103D71BC43BDE00507795 /* Main.storyboard in Resources */,
				E5ED817E1BC9663C006E630F /* mapofLondon.jpg in Resources */,
				E5ED81801BC9875E006E630F /* backgroundimage.jpg in Resources */,
			);
			runOnlyForDeploymentPostprocessing = 0;
		};
		E5E103E31BC43BDF00507795 /* Resources */ = {
			isa = PBXResourcesBuildPhase;
			buildActionMask = 2147483647;
			files = (
			);
			runOnlyForDeploymentPostprocessing = 0;
		};
		E5E103EE1BC43BDF00507795 /* Resources */ = {
			isa = PBXResourcesBuildPhase;
			buildActionMask = 2147483647;
			files = (
			);
			runOnlyForDeploymentPostprocessing = 0;
		};
/* End PBXResourcesBuildPhase section */

/* Begin PBXSourcesBuildPhase section */
		E5E103CA1BC43BDE00507795 /* Sources */ = {
			isa = PBXSourcesBuildPhase;
			buildActionMask = 2147483647;
			files = (
				E5ED81751BC5F7B2006E630F /* StoryViewController.swift in Sources */,
				E5E103DA1BC43BDE00507795 /* Forgetting_Sherlock.xcdatamodeld in Sources */,
				E5E103D21BC43BDE00507795 /* AppDelegate.swift in Sources */,
				E5ED81791BC957C9006E630F /* TextCell.swift in Sources */,
				E5EF29651BED5F5100A3DF7E /* NewsPaperViewController.swift in Sources */,
				E5ED817C1BC964ED006E630F /* MapController.swift in Sources */,
				E5EF29671BED7C1700A3DF7E /* MapScene.swift in Sources */,
				E5ED81821BCC65D0006E630F /* StoryTracker.swift in Sources */,
				E5ED81771BC957B9006E630F /* ChoiceCell.swift in Sources */,
			);
			runOnlyForDeploymentPostprocessing = 0;
		};
		E5E103E11BC43BDF00507795 /* Sources */ = {
			isa = PBXSourcesBuildPhase;
			buildActionMask = 2147483647;
			files = (
				E5E103EA1BC43BDF00507795 /* Forgetting_SherlockTests.swift in Sources */,
			);
			runOnlyForDeploymentPostprocessing = 0;
		};
		E5E103EC1BC43BDF00507795 /* Sources */ = {
			isa = PBXSourcesBuildPhase;
			buildActionMask = 2147483647;
			files = (
				E5E103F51BC43BDF00507795 /* Forgetting_SherlockUITests.swift in Sources */,
			);
			runOnlyForDeploymentPostprocessing = 0;
		};
/* End PBXSourcesBuildPhase section */

/* Begin PBXTargetDependency section */
		E5E103E71BC43BDF00507795 /* PBXTargetDependency */ = {
			isa = PBXTargetDependency;
			target = E5E103CD1BC43BDE00507795 /* Forgetting Sherlock */;
			targetProxy = E5E103E61BC43BDF00507795 /* PBXContainerItemProxy */;
		};
		E5E103F21BC43BDF00507795 /* PBXTargetDependency */ = {
			isa = PBXTargetDependency;
			target = E5E103CD1BC43BDE00507795 /* Forgetting Sherlock */;
			targetProxy = E5E103F11BC43BDF00507795 /* PBXContainerItemProxy */;
		};
/* End PBXTargetDependency section */

/* Begin PBXVariantGroup section */
		E5E103D51BC43BDE00507795 /* Main.storyboard */ = {
			isa = PBXVariantGroup;
			children = (
				E5E103D61BC43BDE00507795 /* Base */,
			);
			name = Main.storyboard;
			sourceTree = "<group>";
		};
		E5E103DD1BC43BDE00507795 /* LaunchScreen.storyboard */ = {
			isa = PBXVariantGroup;
			children = (
				E5E103DE1BC43BDE00507795 /* Base */,
			);
			name = LaunchScreen.storyboard;
			sourceTree = "<group>";
		};
/* End PBXVariantGroup section */

/* Begin XCBuildConfiguration section */
		E5E103F71BC43BDF00507795 /* Debug */ = {
			isa = XCBuildConfiguration;
			buildSettings = {
				ALWAYS_SEARCH_USER_PATHS = NO;
				CLANG_CXX_LANGUAGE_STANDARD = "gnu++0x";
				CLANG_CXX_LIBRARY = "libc++";
				CLANG_ENABLE_MODULES = YES;
				CLANG_ENABLE_OBJC_ARC = YES;
				CLANG_WARN_BOOL_CONVERSION = YES;
				CLANG_WARN_CONSTANT_CONVERSION = YES;
				CLANG_WARN_DIRECT_OBJC_ISA_USAGE = YES_ERROR;
				CLANG_WARN_EMPTY_BODY = YES;
				CLANG_WARN_ENUM_CONVERSION = YES;
				CLANG_WARN_INT_CONVERSION = YES;
				CLANG_WARN_OBJC_ROOT_CLASS = YES_ERROR;
				CLANG_WARN_UNREACHABLE_CODE = YES;
				CLANG_WARN__DUPLICATE_METHOD_MATCH = YES;
				"CODE_SIGN_IDENTITY[sdk=iphoneos*]" = "iPhone Developer";
				COPY_PHASE_STRIP = NO;
				DEBUG_INFORMATION_FORMAT = dwarf;
				ENABLE_STRICT_OBJC_MSGSEND = YES;
				ENABLE_TESTABILITY = YES;
				GCC_C_LANGUAGE_STANDARD = gnu99;
				GCC_DYNAMIC_NO_PIC = NO;
				GCC_NO_COMMON_BLOCKS = YES;
				GCC_OPTIMIZATION_LEVEL = 0;
				GCC_PREPROCESSOR_DEFINITIONS = (
					"DEBUG=1",
					"$(inherited)",
				);
				GCC_WARN_64_TO_32_BIT_CONVERSION = YES;
				GCC_WARN_ABOUT_RETURN_TYPE = YES_ERROR;
				GCC_WARN_UNDECLARED_SELECTOR = YES;
				GCC_WARN_UNINITIALIZED_AUTOS = YES_AGGRESSIVE;
				GCC_WARN_UNUSED_FUNCTION = YES;
				GCC_WARN_UNUSED_VARIABLE = YES;
				IPHONEOS_DEPLOYMENT_TARGET = 9.0;
				MTL_ENABLE_DEBUG_INFO = YES;
				ONLY_ACTIVE_ARCH = YES;
				SDKROOT = iphoneos;
				SWIFT_OPTIMIZATION_LEVEL = "-Onone";
			};
			name = Debug;
		};
		E5E103F81BC43BDF00507795 /* Release */ = {
			isa = XCBuildConfiguration;
			buildSettings = {
				ALWAYS_SEARCH_USER_PATHS = NO;
				CLANG_CXX_LANGUAGE_STANDARD = "gnu++0x";
				CLANG_CXX_LIBRARY = "libc++";
				CLANG_ENABLE_MODULES = YES;
				CLANG_ENABLE_OBJC_ARC = YES;
				CLANG_WARN_BOOL_CONVERSION = YES;
				CLANG_WARN_CONSTANT_CONVERSION = YES;
				CLANG_WARN_DIRECT_OBJC_ISA_USAGE = YES_ERROR;
				CLANG_WARN_EMPTY_BODY = YES;
				CLANG_WARN_ENUM_CONVERSION = YES;
				CLANG_WARN_INT_CONVERSION = YES;
				CLANG_WARN_OBJC_ROOT_CLASS = YES_ERROR;
				CLANG_WARN_UNREACHABLE_CODE = YES;
				CLANG_WARN__DUPLICATE_METHOD_MATCH = YES;
				"CODE_SIGN_IDENTITY[sdk=iphoneos*]" = "iPhone Developer";
				COPY_PHASE_STRIP = NO;
				DEBUG_INFORMATION_FORMAT = "dwarf-with-dsym";
				ENABLE_NS_ASSERTIONS = NO;
				ENABLE_STRICT_OBJC_MSGSEND = YES;
				GCC_C_LANGUAGE_STANDARD = gnu99;
				GCC_NO_COMMON_BLOCKS = YES;
				GCC_WARN_64_TO_32_BIT_CONVERSION = YES;
				GCC_WARN_ABOUT_RETURN_TYPE = YES_ERROR;
				GCC_WARN_UNDECLARED_SELECTOR = YES;
				GCC_WARN_UNINITIALIZED_AUTOS = YES_AGGRESSIVE;
				GCC_WARN_UNUSED_FUNCTION = YES;
				GCC_WARN_UNUSED_VARIABLE = YES;
				IPHONEOS_DEPLOYMENT_TARGET = 9.0;
				MTL_ENABLE_DEBUG_INFO = NO;
				SDKROOT = iphoneos;
				VALIDATE_PRODUCT = YES;
			};
			name = Release;
		};
		E5E103FA1BC43BDF00507795 /* Debug */ = {
			isa = XCBuildConfiguration;
			buildSettings = {
				ASSETCATALOG_COMPILER_APPICON_NAME = AppIcon;
				INFOPLIST_FILE = "Forgetting Sherlock/Info.plist";
				LD_RUNPATH_SEARCH_PATHS = "$(inherited) @executable_path/Frameworks";
				PRODUCT_BUNDLE_IDENTIFIER = "T-M.Forgetting-Sherlock";
				PRODUCT_NAME = "$(TARGET_NAME)";
				SWIFT_OBJC_BRIDGING_HEADER = "/Users/matthewhartwig/Desktop/Forgetting Sherlock/Forgetting Sherlock/Header.h";
			};
			name = Debug;
		};
		E5E103FB1BC43BDF00507795 /* Release */ = {
			isa = XCBuildConfiguration;
			buildSettings = {
				ASSETCATALOG_COMPILER_APPICON_NAME = AppIcon;
				INFOPLIST_FILE = "Forgetting Sherlock/Info.plist";
				LD_RUNPATH_SEARCH_PATHS = "$(inherited) @executable_path/Frameworks";
				PRODUCT_BUNDLE_IDENTIFIER = "T-M.Forgetting-Sherlock";
				PRODUCT_NAME = "$(TARGET_NAME)";
				SWIFT_OBJC_BRIDGING_HEADER = "/Users/matthewhartwig/Desktop/Forgetting Sherlock/Forgetting Sherlock/Header.h";
			};
			name = Release;
		};
		E5E103FD1BC43BDF00507795 /* Debug */ = {
			isa = XCBuildConfiguration;
			buildSettings = {
				BUNDLE_LOADER = "$(TEST_HOST)";
				INFOPLIST_FILE = "Forgetting SherlockTests/Info.plist";
				LD_RUNPATH_SEARCH_PATHS = "$(inherited) @executable_path/Frameworks @loader_path/Frameworks";
				PRODUCT_BUNDLE_IDENTIFIER = "T-M.Forgetting-SherlockTests";
				PRODUCT_NAME = "$(TARGET_NAME)";
				TEST_HOST = "$(BUILT_PRODUCTS_DIR)/Forgetting Sherlock.app/Forgetting Sherlock";
			};
			name = Debug;
		};
		E5E103FE1BC43BDF00507795 /* Release */ = {
			isa = XCBuildConfiguration;
			buildSettings = {
				BUNDLE_LOADER = "$(TEST_HOST)";
				INFOPLIST_FILE = "Forgetting SherlockTests/Info.plist";
				LD_RUNPATH_SEARCH_PATHS = "$(inherited) @executable_path/Frameworks @loader_path/Frameworks";
				PRODUCT_BUNDLE_IDENTIFIER = "T-M.Forgetting-SherlockTests";
				PRODUCT_NAME = "$(TARGET_NAME)";
				TEST_HOST = "$(BUILT_PRODUCTS_DIR)/Forgetting Sherlock.app/Forgetting Sherlock";
			};
			name = Release;
		};
		E5E104001BC43BDF00507795 /* Debug */ = {
			isa = XCBuildConfiguration;
			buildSettings = {
				INFOPLIST_FILE = "Forgetting SherlockUITests/Info.plist";
				LD_RUNPATH_SEARCH_PATHS = "$(inherited) @executable_path/Frameworks @loader_path/Frameworks";
				PRODUCT_BUNDLE_IDENTIFIER = "T-M.Forgetting-SherlockUITests";
				PRODUCT_NAME = "$(TARGET_NAME)";
				TEST_TARGET_NAME = "Forgetting Sherlock";
				USES_XCTRUNNER = YES;
			};
			name = Debug;
		};
		E5E104011BC43BDF00507795 /* Release */ = {
			isa = XCBuildConfiguration;
			buildSettings = {
				INFOPLIST_FILE = "Forgetting SherlockUITests/Info.plist";
				LD_RUNPATH_SEARCH_PATHS = "$(inherited) @executable_path/Frameworks @loader_path/Frameworks";
				PRODUCT_BUNDLE_IDENTIFIER = "T-M.Forgetting-SherlockUITests";
				PRODUCT_NAME = "$(TARGET_NAME)";
				TEST_TARGET_NAME = "Forgetting Sherlock";
				USES_XCTRUNNER = YES;
			};
			name = Release;
		};
/* End XCBuildConfiguration section */

/* Begin XCConfigurationList section */
		E5E103C91BC43BDE00507795 /* Build configuration list for PBXProject "Forgetting Sherlock" */ = {
			isa = XCConfigurationList;
			buildConfigurations = (
				E5E103F71BC43BDF00507795 /* Debug */,
				E5E103F81BC43BDF00507795 /* Release */,
			);
			defaultConfigurationIsVisible = 0;
			defaultConfigurationName = Release;
		};
		E5E103F91BC43BDF00507795 /* Build configuration list for PBXNativeTarget "Forgetting Sherlock" */ = {
			isa = XCConfigurationList;
			buildConfigurations = (
				E5E103FA1BC43BDF00507795 /* Debug */,
				E5E103FB1BC43BDF00507795 /* Release */,
			);
			defaultConfigurationIsVisible = 0;
			defaultConfigurationName = Release;
		};
		E5E103FC1BC43BDF00507795 /* Build configuration list for PBXNativeTarget "Forgetting SherlockTests" */ = {
			isa = XCConfigurationList;
			buildConfigurations = (
				E5E103FD1BC43BDF00507795 /* Debug */,
				E5E103FE1BC43BDF00507795 /* Release */,
			);
			defaultConfigurationIsVisible = 0;
			defaultConfigurationName = Release;
		};
		E5E103FF1BC43BDF00507795 /* Build configuration list for PBXNativeTarget "Forgetting SherlockUITests" */ = {
			isa = XCConfigurationList;
			buildConfigurations = (
				E5E104001BC43BDF00507795 /* Debug */,
				E5E104011BC43BDF00507795 /* Release */,
			);
			defaultConfigurationIsVisible = 0;
			defaultConfigurationName = Release;
		};
/* End XCConfigurationList section */

/* Begin XCVersionGroup section */
		E5E103D81BC43BDE00507795 /* Forgetting_Sherlock.xcdatamodeld */ = {
			isa = XCVersionGroup;
			children = (
				E5E103D91BC43BDE00507795 /* Forgetting_Sherlock.xcdatamodel */,
			);
			currentVersion = E5E103D91BC43BDE00507795 /* Forgetting_Sherlock.xcdatamodel */;
			path = Forgetting_Sherlock.xcdatamodeld;
			sourceTree = "<group>";
			versionGroupType = wrapper.xcdatamodel;
		};
/* End XCVersionGroup section */
	};
	rootObject = E5E103C61BC43BDE00507795 /* Project object */;
}
